name: 🔄 Update Frontend package-lock.json

on:
  workflow_dispatch:
  push:
    paths:
      - 'frontend/package.json'

jobs:
  update-lock:
    name: 📦 Régénérer package-lock.json
    runs-on: ubuntu-latest
    steps:
      - uses: actions/checkout@v4

      - uses: actions/setup-node@v4
        with:
          node-version: '22'
          cache: 'npm'
          cache-dependency-path: frontend/package-lock.json

      - name: Update package-lock.json
        working-directory: frontend
        run: npm install --package-lock-only

      - name: Commit & Push
        run: |
          git config user.name "github-actions[bot]"
          git config user.email "github-actions[bot]@users.noreply.github.com"
          git add frontend/package-lock.json
          if git diff --staged --quiet; then
            echo "Aucun changement"
            exit 0
          fi
          git commit -m "chore: Update package-lock.json"
          git fetch origin ${{ github.ref_name }}
          git rebase origin/${{ github.ref_name }} || true
          git push --force-with-lease origin HEAD:${{ github.ref_name }}
