name: 🔄 Update Frontend package-lock.json

on:
  workflow_dispatch:
  push:
    paths:
      - 'frontend/package.json'

jobs:
  update-lock:
    name: 📦 Régénérer package-lock.json
    runs-on: ubuntu-latest
    steps:
      - uses: actions/checkout@v4

      - uses: pnpm/action-setup@v4
        with:
          version: 9

      - uses: actions/setup-node@v4
        with:
          node-version: '22'
          cache: 'pnpm'

      - name: Update pnpm-lock.yaml
        working-directory: frontend
        run: pnpm install --no-frozen-lockfile

      - name: Commit pnpm-lock.yaml
        run: |
          git config user.name "github-actions[bot]"
          git config user.email "github-actions[bot]@users.noreply.github.com"
          git add frontend/pnpm-lock.yaml
          if git diff --staged --quiet; then
            echo "Aucun changement"
          else
            git fetch origin ${{ github.ref_name }}
            git rebase origin/${{ github.ref_name }} || git reset --hard origin/${{ github.ref_name }}
            git add frontend/pnpm-lock.yaml
            git commit -m "chore: Update pnpm-lock.yaml"
            git push --force-with-lease origin HEAD:${{ github.ref_name }}
          fi
